
Microsoft Visual Studio Solution File, Format Version 12.00
# Visual Studio Version 17
VisualStudioVersion = 17.14.35821.62 d17.14
MinimumVisualStudioVersion = 10.0.40219.1
Project("{FAE04EC0-301F-11D3-BF4B-00C04F79EFBC}") = "WebAPIJenkins", "WebAPIJenkins\WebAPIJenkins.csproj", "{C1B74AD5-0CFC-4FF8-B004-28221A3C5FF9}"
EndProject
Global
	GlobalSection(SolutionConfigurationPlatforms) = preSolution
		Debug|Any CPU = Debug|Any CPU
		Release|Any CPU = Release|Any CPU
	EndGlobalSection
	GlobalSection(ProjectConfigurationPlatforms) = postSolution
		{C1B74AD5-0CFC-4FF8-B004-28221A3C5FF9}.Debug|Any CPU.ActiveCfg = Debug|Any CPU
		{C1B74AD5-0CFC-4FF8-B004-28221A3C5FF9}.Debug|Any CPU.Build.0 = Debug|Any CPU
		{C1B74AD5-0CFC-4FF8-B004-28221A3C5FF9}.Release|Any CPU.ActiveCfg = Release|Any CPU
		{C1B74AD5-0CFC-4FF8-B004-28221A3C5FF9}.Release|Any CPU.Build.0 = Release|Any CPU
	EndGlobalSection
	GlobalSection(SolutionProperties) = preSolution
		HideSolutionNode = FALSE
	EndGlobalSection
	GlobalSection(ExtensibilityGlobals) = postSolution
		SolutionGuid = {999A14FB-AA47-48E3-B32D-B36C4F926816}
	EndGlobalSection
EndGlobal
